
Microsoft Visual Studio Solution File, Format Version 12.00
# Visual Studio Version 17
VisualStudioVersion = 17.0.32112.339
MinimumVisualStudioVersion = 10.0.40219.1
Project("{9A19103F-16F7-4668-BE54-9A1E7A4F7556}") = "UDPTester", "UDPTester\UDPTester.csproj", "{35914245-D410-46F3-90B1-C2A038B06971}"
EndProject
Project("{FAE04EC0-301F-11D3-BF4B-00C04F79EFBC}") = "WinFormsApp1", "WinFormsApp1\WinFormsApp1.csproj", "{8C1A05B8-44C4-45AF-8668-2E478C296D95}"
EndProject
Project("{FAE04EC0-301F-11D3-BF4B-00C04F79EFBC}") = "EncryptionTool", "EncryptionTool\EncryptionTool.csproj", "{FF3DEA56-144D-4CEB-8981-BFF5037E47A0}"
EndProject
Global
	GlobalSection(SolutionConfigurationPlatforms) = preSolution
		Debug|Any CPU = Debug|Any CPU
		Release|Any CPU = Release|Any CPU
	EndGlobalSection
	GlobalSection(ProjectConfigurationPlatforms) = postSolution
		{35914245-D410-46F3-90B1-C2A038B06971}.Debug|Any CPU.ActiveCfg = Debug|Any CPU
		{35914245-D410-46F3-90B1-C2A038B06971}.Debug|Any CPU.Build.0 = Debug|Any CPU
		{35914245-D410-46F3-90B1-C2A038B06971}.Release|Any CPU.ActiveCfg = Release|Any CPU
		{35914245-D410-46F3-90B1-C2A038B06971}.Release|Any CPU.Build.0 = Release|Any CPU
		{8C1A05B8-44C4-45AF-8668-2E478C296D95}.Debug|Any CPU.ActiveCfg = Debug|Any CPU
		{8C1A05B8-44C4-45AF-8668-2E478C296D95}.Debug|Any CPU.Build.0 = Debug|Any CPU
		{8C1A05B8-44C4-45AF-8668-2E478C296D95}.Release|Any CPU.ActiveCfg = Release|Any CPU
		{8C1A05B8-44C4-45AF-8668-2E478C296D95}.Release|Any CPU.Build.0 = Release|Any CPU
		{FF3DEA56-144D-4CEB-8981-BFF5037E47A0}.Debug|Any CPU.ActiveCfg = Debug|Any CPU
		{FF3DEA56-144D-4CEB-8981-BFF5037E47A0}.Debug|Any CPU.Build.0 = Debug|Any CPU
		{FF3DEA56-144D-4CEB-8981-BFF5037E47A0}.Release|Any CPU.ActiveCfg = Release|Any CPU
		{FF3DEA56-144D-4CEB-8981-BFF5037E47A0}.Release|Any CPU.Build.0 = Release|Any CPU
	EndGlobalSection
	GlobalSection(SolutionProperties) = preSolution
		HideSolutionNode = FALSE
	EndGlobalSection
	GlobalSection(ExtensibilityGlobals) = postSolution
		SolutionGuid = {0341B55A-3D4F-47CF-9C36-7F719A49C755}
	EndGlobalSection
EndGlobal
